// !$*UTF8*$!
{
	archiveVersion = 1;
	classes = {
	};
	objectVersion = 46;
	objects = {

/* Begin PBXBuildFile section */
		005161783101419253F82066 /* Pods_DomoticLab.framework in Frameworks */ = {isa = PBXBuildFile; fileRef = 7D7E963EFE141F230FFA4155 /* Pods_DomoticLab.framework */; };
		8BB158551F1B87F2005CC0AB /* AppDelegate.swift in Sources */ = {isa = PBXBuildFile; fileRef = 8BB158541F1B87F2005CC0AB /* AppDelegate.swift */; };
		8BB158571F1B87F2005CC0AB /* ViewController.swift in Sources */ = {isa = PBXBuildFile; fileRef = 8BB158561F1B87F2005CC0AB /* ViewController.swift */; };
		8BB1585A1F1B87F2005CC0AB /* Main.storyboard in Resources */ = {isa = PBXBuildFile; fileRef = 8BB158581F1B87F2005CC0AB /* Main.storyboard */; };
		8BB1585C1F1B87F2005CC0AB /* Assets.xcassets in Resources */ = {isa = PBXBuildFile; fileRef = 8BB1585B1F1B87F2005CC0AB /* Assets.xcassets */; };
		8BB1585F1F1B87F2005CC0AB /* LaunchScreen.storyboard in Resources */ = {isa = PBXBuildFile; fileRef = 8BB1585D1F1B87F2005CC0AB /* LaunchScreen.storyboard */; };
		8BB265DB1F6F0312004B7671 /* TemperatureView.swift in Sources */ = {isa = PBXBuildFile; fileRef = 8BB265DA1F6F0312004B7671 /* TemperatureView.swift */; };
		8BB265DE1F6F0D25004B7671 /* DegreesToRadians.swift in Sources */ = {isa = PBXBuildFile; fileRef = 8BB265DD1F6F0D25004B7671 /* DegreesToRadians.swift */; };
/* End PBXBuildFile section */

/* Begin PBXFileReference section */
		3D51EFC189196354A9E6C03C /* Pods-DomoticLab.release.xcconfig */ = {isa = PBXFileReference; includeInIndex = 1; lastKnownFileType = text.xcconfig; name = "Pods-DomoticLab.release.xcconfig"; path = "Pods/Target Support Files/Pods-DomoticLab/Pods-DomoticLab.release.xcconfig"; sourceTree = "<group>"; };
		43593817C26A19B55D6F99D0 /* Pods-DomoticLab.debug.xcconfig */ = {isa = PBXFileReference; includeInIndex = 1; lastKnownFileType = text.xcconfig; name = "Pods-DomoticLab.debug.xcconfig"; path = "Pods/Target Support Files/Pods-DomoticLab/Pods-DomoticLab.debug.xcconfig"; sourceTree = "<group>"; };
		7D7E963EFE141F230FFA4155 /* Pods_DomoticLab.framework */ = {isa = PBXFileReference; explicitFileType = wrapper.framework; includeInIndex = 0; path = Pods_DomoticLab.framework; sourceTree = BUILT_PRODUCTS_DIR; };
		8BB158511F1B87F2005CC0AB /* DomoticLab.app */ = {isa = PBXFileReference; explicitFileType = wrapper.application; includeInIndex = 0; path = DomoticLab.app; sourceTree = BUILT_PRODUCTS_DIR; };
		8BB158541F1B87F2005CC0AB /* AppDelegate.swift */ = {isa = PBXFileReference; lastKnownFileType = sourcecode.swift; path = AppDelegate.swift; sourceTree = "<group>"; };
		8BB158561F1B87F2005CC0AB /* ViewController.swift */ = {isa = PBXFileReference; lastKnownFileType = sourcecode.swift; path = ViewController.swift; sourceTree = "<group>"; };
		8BB158591F1B87F2005CC0AB /* Base */ = {isa = PBXFileReference; lastKnownFileType = file.storyboard; name = Base; path = Base.lproj/Main.storyboard; sourceTree = "<group>"; };
		8BB1585B1F1B87F2005CC0AB /* Assets.xcassets */ = {isa = PBXFileReference; lastKnownFileType = folder.assetcatalog; path = Assets.xcassets; sourceTree = "<group>"; };
		8BB1585E1F1B87F2005CC0AB /* Base */ = {isa = PBXFileReference; lastKnownFileType = file.storyboard; name = Base; path = Base.lproj/LaunchScreen.storyboard; sourceTree = "<group>"; };
		8BB158601F1B87F2005CC0AB /* Info.plist */ = {isa = PBXFileReference; lastKnownFileType = text.plist.xml; path = Info.plist; sourceTree = "<group>"; };
		8BB265DA1F6F0312004B7671 /* TemperatureView.swift */ = {isa = PBXFileReference; fileEncoding = 4; lastKnownFileType = sourcecode.swift; path = TemperatureView.swift; sourceTree = "<group>"; };
		8BB265DD1F6F0D25004B7671 /* DegreesToRadians.swift */ = {isa = PBXFileReference; fileEncoding = 4; lastKnownFileType = sourcecode.swift; path = DegreesToRadians.swift; sourceTree = "<group>"; };
/* End PBXFileReference section */

/* Begin PBXFrameworksBuildPhase section */
		8BB1584E1F1B87F2005CC0AB /* Frameworks */ = {
			isa = PBXFrameworksBuildPhase;
			buildActionMask = 2147483647;
			files = (
				005161783101419253F82066 /* Pods_DomoticLab.framework in Frameworks */,
			);
			runOnlyForDeploymentPostprocessing = 0;
		};
/* End PBXFrameworksBuildPhase section */

/* Begin PBXGroup section */
		400BFD509F69F112FEC3CA6F /* Frameworks */ = {
			isa = PBXGroup;
			children = (
				7D7E963EFE141F230FFA4155 /* Pods_DomoticLab.framework */,
			);
			name = Frameworks;
			sourceTree = "<group>";
		};
		8BB158481F1B87F2005CC0AB = {
			isa = PBXGroup;
			children = (
				8BB158531F1B87F2005CC0AB /* DomoticLab */,
				8BB158521F1B87F2005CC0AB /* Products */,
				EE7DB07093B8D930AB33A21C /* Pods */,
				400BFD509F69F112FEC3CA6F /* Frameworks */,
			);
			sourceTree = "<group>";
		};
		8BB158521F1B87F2005CC0AB /* Products */ = {
			isa = PBXGroup;
			children = (
				8BB158511F1B87F2005CC0AB /* DomoticLab.app */,
			);
			name = Products;
			sourceTree = "<group>";
		};
		8BB158531F1B87F2005CC0AB /* DomoticLab */ = {
			isa = PBXGroup;
			children = (
				8BB158541F1B87F2005CC0AB /* AppDelegate.swift */,
				8BB158561F1B87F2005CC0AB /* ViewController.swift */,
				8BB265DA1F6F0312004B7671 /* TemperatureView.swift */,
				8BB158581F1B87F2005CC0AB /* Main.storyboard */,
				8BB1585B1F1B87F2005CC0AB /* Assets.xcassets */,
				8BB1585D1F1B87F2005CC0AB /* LaunchScreen.storyboard */,
				8BB158601F1B87F2005CC0AB /* Info.plist */,
				8BB265DC1F6F0CFB004B7671 /* Helper */,
			);
			path = DomoticLab;
			sourceTree = "<group>";
		};
		8BB265DC1F6F0CFB004B7671 /* Helper */ = {
			isa = PBXGroup;
			children = (
				8BB265DD1F6F0D25004B7671 /* DegreesToRadians.swift */,
			);
			name = Helper;
			sourceTree = "<group>";
		};
		EE7DB07093B8D930AB33A21C /* Pods */ = {
			isa = PBXGroup;
			children = (
				43593817C26A19B55D6F99D0 /* Pods-DomoticLab.debug.xcconfig */,
				3D51EFC189196354A9E6C03C /* Pods-DomoticLab.release.xcconfig */,
			);
			name = Pods;
			sourceTree = "<group>";
		};
/* End PBXGroup section */

/* Begin PBXNativeTarget section */
		8BB158501F1B87F2005CC0AB /* DomoticLab */ = {
			isa = PBXNativeTarget;
			buildConfigurationList = 8BB158631F1B87F2005CC0AB /* Build configuration list for PBXNativeTarget "DomoticLab" */;
			buildPhases = (
				153F374B3DB2DBC1AECE325B /* [CP] Check Pods Manifest.lock */,
				8BB1584D1F1B87F2005CC0AB /* Sources */,
				8BB1584E1F1B87F2005CC0AB /* Frameworks */,
				8BB1584F1F1B87F2005CC0AB /* Resources */,
				13FE1F5C3B1316883E9A584C /* [CP] Embed Pods Frameworks */,
				443488869C9E3E2E28BB4C37 /* [CP] Copy Pods Resources */,
			);
			buildRules = (
			);
			dependencies = (
			);
			name = DomoticLab;
			productName = DomoticLab;
			productReference = 8BB158511F1B87F2005CC0AB /* DomoticLab.app */;
			productType = "com.apple.product-type.application";
		};
/* End PBXNativeTarget section */

/* Begin PBXProject section */
		8BB158491F1B87F2005CC0AB /* Project object */ = {
			isa = PBXProject;
			attributes = {
				LastSwiftUpdateCheck = 0830;
				LastUpgradeCheck = 0830;
				ORGANIZATIONNAME = "Riccardo Manoni";
				TargetAttributes = {
					8BB158501F1B87F2005CC0AB = {
						CreatedOnToolsVersion = 8.3.2;
						ProvisioningStyle = Automatic;
					};
				};
			};
			buildConfigurationList = 8BB1584C1F1B87F2005CC0AB /* Build configuration list for PBXProject "DomoticLab" */;
			compatibilityVersion = "Xcode 3.2";
			developmentRegion = English;
			hasScannedForEncodings = 0;
			knownRegions = (
				en,
				Base,
			);
			mainGroup = 8BB158481F1B87F2005CC0AB;
			productRefGroup = 8BB158521F1B87F2005CC0AB /* Products */;
			projectDirPath = "";
			projectRoot = "";
			targets = (
				8BB158501F1B87F2005CC0AB /* DomoticLab */,
			);
		};
/* End PBXProject section */

/* Begin PBXResourcesBuildPhase section */
		8BB1584F1F1B87F2005CC0AB /* Resources */ = {
			isa = PBXResourcesBuildPhase;
			buildActionMask = 2147483647;
			files = (
				8BB1585F1F1B87F2005CC0AB /* LaunchScreen.storyboard in Resources */,
				8BB1585C1F1B87F2005CC0AB /* Assets.xcassets in Resources */,
				8BB1585A1F1B87F2005CC0AB /* Main.storyboard in Resources */,
			);
			runOnlyForDeploymentPostprocessing = 0;
		};
/* End PBXResourcesBuildPhase section */

/* Begin PBXShellScriptBuildPhase section */
		13FE1F5C3B1316883E9A584C /* [CP] Embed Pods Frameworks */ = {
			isa = PBXShellScriptBuildPhase;
			buildActionMask = 2147483647;
			files = (
			);
			inputPaths = (
			);
			name = "[CP] Embed Pods Frameworks";
			outputPaths = (
			);
			runOnlyForDeploymentPostprocessing = 0;
			shellPath = /bin/sh;
			shellScript = "\"${SRCROOT}/Pods/Target Support Files/Pods-DomoticLab/Pods-DomoticLab-frameworks.sh\"\n";
			showEnvVarsInLog = 0;
		};
		153F374B3DB2DBC1AECE325B /* [CP] Check Pods Manifest.lock */ = {
			isa = PBXShellScriptBuildPhase;
			buildActionMask = 2147483647;
			files = (
			);
			inputPaths = (
			);
			name = "[CP] Check Pods Manifest.lock";
			outputPaths = (
			);
			runOnlyForDeploymentPostprocessing = 0;
			shellPath = /bin/sh;
			shellScript = "diff \"${PODS_ROOT}/../Podfile.lock\" \"${PODS_ROOT}/Manifest.lock\" > /dev/null\nif [ $? != 0 ] ; then\n    # print error to STDERR\n    echo \"error: The sandbox is not in sync with the Podfile.lock. Run 'pod install' or update your CocoaPods installation.\" >&2\n    exit 1\nfi\n";
			showEnvVarsInLog = 0;
		};
		443488869C9E3E2E28BB4C37 /* [CP] Copy Pods Resources */ = {
			isa = PBXShellScriptBuildPhase;
			buildActionMask = 2147483647;
			files = (
			);
			inputPaths = (
			);
			name = "[CP] Copy Pods Resources";
			outputPaths = (
			);
			runOnlyForDeploymentPostprocessing = 0;
			shellPath = /bin/sh;
			shellScript = "\"${SRCROOT}/Pods/Target Support Files/Pods-DomoticLab/Pods-DomoticLab-resources.sh\"\n";
			showEnvVarsInLog = 0;
		};
/* End PBXShellScriptBuildPhase section */

/* Begin PBXSourcesBuildPhase section */
		8BB1584D1F1B87F2005CC0AB /* Sources */ = {
			isa = PBXSourcesBuildPhase;
			buildActionMask = 2147483647;
			files = (
				8BB158571F1B87F2005CC0AB /* ViewController.swift in Sources */,
				8BB265DE1F6F0D25004B7671 /* DegreesToRadians.swift in Sources */,
				8BB265DB1F6F0312004B7671 /* TemperatureView.swift in Sources */,
				8BB158551F1B87F2005CC0AB /* AppDelegate.swift in Sources */,
			);
			runOnlyForDeploymentPostprocessing = 0;
		};
/* End PBXSourcesBuildPhase section */

/* Begin PBXVariantGroup section */
		8BB158581F1B87F2005CC0AB /* Main.storyboard */ = {
			isa = PBXVariantGroup;
			children = (
				8BB158591F1B87F2005CC0AB /* Base */,
			);
			name = Main.storyboard;
			sourceTree = "<group>";
		};
		8BB1585D1F1B87F2005CC0AB /* LaunchScreen.storyboard */ = {
			isa = PBXVariantGroup;
			children = (
				8BB1585E1F1B87F2005CC0AB /* Base */,
			);
			name = LaunchScreen.storyboard;
			sourceTree = "<group>";
		};
/* End PBXVariantGroup section */

/* Begin XCBuildConfiguration section */
		8BB158611F1B87F2005CC0AB /* Debug */ = {
			isa = XCBuildConfiguration;
			buildSettings = {
				ALWAYS_SEARCH_USER_PATHS = NO;
				CLANG_ANALYZER_NONNULL = YES;
				CLANG_ANALYZER_NUMBER_OBJECT_CONVERSION = YES_AGGRESSIVE;
				CLANG_CXX_LANGUAGE_STANDARD = "gnu++0x";
				CLANG_CXX_LIBRARY = "libc++";
				CLANG_ENABLE_MODULES = YES;
				CLANG_ENABLE_OBJC_ARC = YES;
				CLANG_WARN_BOOL_CONVERSION = YES;
				CLANG_WARN_CONSTANT_CONVERSION = YES;
				CLANG_WARN_DIRECT_OBJC_ISA_USAGE = YES_ERROR;
				CLANG_WARN_DOCUMENTATION_COMMENTS = YES;
				CLANG_WARN_EMPTY_BODY = YES;
				CLANG_WARN_ENUM_CONVERSION = YES;
				CLANG_WARN_INFINITE_RECURSION = YES;
				CLANG_WARN_INT_CONVERSION = YES;
				CLANG_WARN_OBJC_ROOT_CLASS = YES_ERROR;
				CLANG_WARN_SUSPICIOUS_MOVE = YES;
				CLANG_WARN_UNREACHABLE_CODE = YES;
				CLANG_WARN__DUPLICATE_METHOD_MATCH = YES;
				"CODE_SIGN_IDENTITY[sdk=iphoneos*]" = "iPhone Developer";
				COPY_PHASE_STRIP = NO;
				DEBUG_INFORMATION_FORMAT = dwarf;
				ENABLE_STRICT_OBJC_MSGSEND = YES;
				ENABLE_TESTABILITY = YES;
				GCC_C_LANGUAGE_STANDARD = gnu99;
				GCC_DYNAMIC_NO_PIC = NO;
				GCC_NO_COMMON_BLOCKS = YES;
				GCC_OPTIMIZATION_LEVEL = 0;
				GCC_PREPROCESSOR_DEFINITIONS = (
					"DEBUG=1",
					"$(inherited)",
				);
				GCC_WARN_64_TO_32_BIT_CONVERSION = YES;
				GCC_WARN_ABOUT_RETURN_TYPE = YES_ERROR;
				GCC_WARN_UNDECLARED_SELECTOR = YES;
				GCC_WARN_UNINITIALIZED_AUTOS = YES_AGGRESSIVE;
				GCC_WARN_UNUSED_FUNCTION = YES;
				GCC_WARN_UNUSED_VARIABLE = YES;
				IPHONEOS_DEPLOYMENT_TARGET = 10.3;
				MTL_ENABLE_DEBUG_INFO = YES;
				ONLY_ACTIVE_ARCH = YES;
				SDKROOT = iphoneos;
				SWIFT_ACTIVE_COMPILATION_CONDITIONS = DEBUG;
				SWIFT_OPTIMIZATION_LEVEL = "-Onone";
				TARGETED_DEVICE_FAMILY = "1,2";
			};
			name = Debug;
		};
		8BB158621F1B87F2005CC0AB /* Release */ = {
			isa = XCBuildConfiguration;
			buildSettings = {
				ALWAYS_SEARCH_USER_PATHS = NO;
				CLANG_ANALYZER_NONNULL = YES;
				CLANG_ANALYZER_NUMBER_OBJECT_CONVERSION = YES_AGGRESSIVE;
				CLANG_CXX_LANGUAGE_STANDARD = "gnu++0x";
				CLANG_CXX_LIBRARY = "libc++";
				CLANG_ENABLE_MODULES = YES;
				CLANG_ENABLE_OBJC_ARC = YES;
				CLANG_WARN_BOOL_CONVERSION = YES;
				CLANG_WARN_CONSTANT_CONVERSION = YES;
				CLANG_WARN_DIRECT_OBJC_ISA_USAGE = YES_ERROR;
				CLANG_WARN_DOCUMENTATION_COMMENTS = YES;
				CLANG_WARN_EMPTY_BODY = YES;
				CLANG_WARN_ENUM_CONVERSION = YES;
				CLANG_WARN_INFINITE_RECURSION = YES;
				CLANG_WARN_INT_CONVERSION = YES;
				CLANG_WARN_OBJC_ROOT_CLASS = YES_ERROR;
				CLANG_WARN_SUSPICIOUS_MOVE = YES;
				CLANG_WARN_UNREACHABLE_CODE = YES;
				CLANG_WARN__DUPLICATE_METHOD_MATCH = YES;
				"CODE_SIGN_IDENTITY[sdk=iphoneos*]" = "iPhone Developer";
				COPY_PHASE_STRIP = NO;
				DEBUG_INFORMATION_FORMAT = "dwarf-with-dsym";
				ENABLE_NS_ASSERTIONS = NO;
				ENABLE_STRICT_OBJC_MSGSEND = YES;
				GCC_C_LANGUAGE_STANDARD = gnu99;
				GCC_NO_COMMON_BLOCKS = YES;
				GCC_WARN_64_TO_32_BIT_CONVERSION = YES;
				GCC_WARN_ABOUT_RETURN_TYPE = YES_ERROR;
				GCC_WARN_UNDECLARED_SELECTOR = YES;
				GCC_WARN_UNINITIALIZED_AUTOS = YES_AGGRESSIVE;
				GCC_WARN_UNUSED_FUNCTION = YES;
				GCC_WARN_UNUSED_VARIABLE = YES;
				IPHONEOS_DEPLOYMENT_TARGET = 10.3;
				MTL_ENABLE_DEBUG_INFO = NO;
				SDKROOT = iphoneos;
				SWIFT_OPTIMIZATION_LEVEL = "-Owholemodule";
				TARGETED_DEVICE_FAMILY = "1,2";
				VALIDATE_PRODUCT = YES;
			};
			name = Release;
		};
		8BB158641F1B87F2005CC0AB /* Debug */ = {
			isa = XCBuildConfiguration;
			baseConfigurationReference = 43593817C26A19B55D6F99D0 /* Pods-DomoticLab.debug.xcconfig */;
			buildSettings = {
				ASSETCATALOG_COMPILER_APPICON_NAME = AppIcon;
				"CODE_SIGN_IDENTITY[sdk=iphoneos*]" = "iPhone Developer";
				DEVELOPMENT_TEAM = "";
				INFOPLIST_FILE = DomoticLab/Info.plist;
				LD_RUNPATH_SEARCH_PATHS = "$(inherited) @executable_path/Frameworks";
				PRODUCT_BUNDLE_IDENTIFIER = RiccardoManoni.DomoticLab;
				PRODUCT_NAME = "$(TARGET_NAME)";
				PROVISIONING_PROFILE_SPECIFIER = "";
				SWIFT_VERSION = 3.0;
			};
			name = Debug;
		};
		8BB158651F1B87F2005CC0AB /* Release */ = {
			isa = XCBuildConfiguration;
			baseConfigurationReference = 3D51EFC189196354A9E6C03C /* Pods-DomoticLab.release.xcconfig */;
			buildSettings = {
				ASSETCATALOG_COMPILER_APPICON_NAME = AppIcon;
				"CODE_SIGN_IDENTITY[sdk=iphoneos*]" = "iPhone Developer";
				DEVELOPMENT_TEAM = "";
				INFOPLIST_FILE = DomoticLab/Info.plist;
				LD_RUNPATH_SEARCH_PATHS = "$(inherited) @executable_path/Frameworks";
				PRODUCT_BUNDLE_IDENTIFIER = RiccardoManoni.DomoticLab;
				PRODUCT_NAME = "$(TARGET_NAME)";
				PROVISIONING_PROFILE = "";
				PROVISIONING_PROFILE_SPECIFIER = "";
				SWIFT_VERSION = 3.0;
			};
			name = Release;
		};
/* End XCBuildConfiguration section */

/* Begin XCConfigurationList section */
		8BB1584C1F1B87F2005CC0AB /* Build configuration list for PBXProject "DomoticLab" */ = {
			isa = XCConfigurationList;
			buildConfigurations = (
				8BB158611F1B87F2005CC0AB /* Debug */,
				8BB158621F1B87F2005CC0AB /* Release */,
			);
			defaultConfigurationIsVisible = 0;
			defaultConfigurationName = Release;
		};
		8BB158631F1B87F2005CC0AB /* Build configuration list for PBXNativeTarget "DomoticLab" */ = {
			isa = XCConfigurationList;
			buildConfigurations = (
				8BB158641F1B87F2005CC0AB /* Debug */,
				8BB158651F1B87F2005CC0AB /* Release */,
			);
			defaultConfigurationIsVisible = 0;
			defaultConfigurationName = Release;
		};
/* End XCConfigurationList section */
	};
	rootObject = 8BB158491F1B87F2005CC0AB /* Project object */;
}
